<?xml version="1.0" encoding="utf-8"?>
<Project ToolsVersion="4.0" xmlns="http://schemas.microsoft.com/developer/msbuild/2003">
  <ItemGroup>
    <Filter Include="main">
      <UniqueIdentifier>{be266bd0-a633-4f64-b883-f840cbbb7f8a}</UniqueIdentifier>
    </Filter>
    <Filter Include="Algorithm">
      <UniqueIdentifier>{6754f7ab-609a-40d3-ba66-e4d7a3c000e1}</UniqueIdentifier>
    </Filter>
    <Filter Include="Algorithm\01. GreedyAlgorithm">
      <UniqueIdentifier>{bdf10290-8c20-447a-ac19-fc85974c1526}</UniqueIdentifier>
    </Filter>
    <Filter Include="Algorithm\02. Implementation">
      <UniqueIdentifier>{df03e0e8-4a62-4e12-90d8-69f920623c57}</UniqueIdentifier>
    </Filter>
    <Filter Include="Algorithm\04. BFS">
      <UniqueIdentifier>{41bb5f93-ad5f-43e7-814d-58d1485b0c1f}</UniqueIdentifier>
    </Filter>
    <Filter Include="Algorithm\03. DFS">
      <UniqueIdentifier>{67ecc582-acc1-4add-a5e2-9d4eb53f973c}</UniqueIdentifier>
    </Filter>
    <Filter Include="Algorithm\05. Sorting">
      <UniqueIdentifier>{db2d0d01-3efd-42f6-abe2-c2f57bdf3719}</UniqueIdentifier>
    </Filter>
    <Filter Include="Algorithm\06. Search">
      <UniqueIdentifier>{847d59c1-b1ea-4cf0-91c0-12441b3ae87b}</UniqueIdentifier>
    </Filter>
    <Filter Include="Algorithm\07. Graph">
      <UniqueIdentifier>{32cb8c0a-f4bb-4a77-b697-94848aed9d6b}</UniqueIdentifier>
    </Filter>
    <Filter Include="Algorithm\08. DP">
      <UniqueIdentifier>{0b0f2081-cf35-4775-aa6f-ae195cf93924}</UniqueIdentifier>
    </Filter>
    <Filter Include="Algorithm\09. Math">
      <UniqueIdentifier>{0480c25f-5fe8-44d3-a744-b360b4fc2d9b}</UniqueIdentifier>
    </Filter>
    <Filter Include="Algorithm\CodingTest">
      <UniqueIdentifier>{ca3d5e3f-4c75-4ad5-b81b-8b764720125b}</UniqueIdentifier>
    </Filter>
    <Filter Include="Algorithm\11.etc.">
      <UniqueIdentifier>{0e97f4f4-2db6-42d3-ad46-7a0b91a4b3e5}</UniqueIdentifier>
    </Filter>
    <Filter Include="Algorithm\10.DataStructure">
      <UniqueIdentifier>{d9fa2292-4b67-4ba9-b7fa-76e2dc470a3e}</UniqueIdentifier>
    </Filter>
    <Filter Include="DataStructure">
      <UniqueIdentifier>{f95857ee-1bbc-4a0a-a715-d937e92b9885}</UniqueIdentifier>
    </Filter>
    <Filter Include="DataStructure\Vector">
      <UniqueIdentifier>{cd04a17d-7bb0-4e8a-9461-a0e35d9f0a78}</UniqueIdentifier>
    </Filter>
  </ItemGroup>
  <ItemGroup>
    <ClCompile Include="main.cpp">
      <Filter>main</Filter>
    </ClCompile>
    <ClCompile Include="GreedyAlgorithm.cpp">
      <Filter>Algorithm\01. GreedyAlgorithm</Filter>
    </ClCompile>
    <ClCompile Include="Implementation.cpp">
      <Filter>Algorithm\02. Implementation</Filter>
    </ClCompile>
    <ClCompile Include="DFS.cpp">
      <Filter>Algorithm\03. DFS</Filter>
    </ClCompile>
    <ClCompile Include="BFS.cpp">
      <Filter>Algorithm\04. BFS</Filter>
    </ClCompile>
    <ClCompile Include="Sorting.cpp">
      <Filter>Algorithm\05. Sorting</Filter>
    </ClCompile>
    <ClCompile Include="CodingTest.cpp" />
    <ClCompile Include="Search.cpp">
      <Filter>Algorithm\06. Search</Filter>
    </ClCompile>
    <ClCompile Include="etc.cpp">
      <Filter>Algorithm\11.etc.</Filter>
    </ClCompile>
    <ClCompile Include="Math.cpp">
      <Filter>Algorithm\09. Math</Filter>
    </ClCompile>
    <ClCompile Include="DP.cpp">
      <Filter>Algorithm\08. DP</Filter>
    </ClCompile>
    <ClCompile Include="DataStructure.cpp">
      <Filter>Algorithm\10.DataStructure</Filter>
    </ClCompile>
    <ClCompile Include="MyVector.cpp">
      <Filter>DataStructure\Vector</Filter>
    </ClCompile>
  </ItemGroup>
  <ItemGroup>
    <ClInclude Include="Implementation.h">
      <Filter>Algorithm\02. Implementation</Filter>
    </ClInclude>
    <ClInclude Include="DFS.h">
      <Filter>Algorithm\03. DFS</Filter>
    </ClInclude>
    <ClInclude Include="BFS.h">
      <Filter>Algorithm\04. BFS</Filter>
    </ClInclude>
    <ClInclude Include="Sorting.h">
      <Filter>Algorithm\05. Sorting</Filter>
    </ClInclude>
    <ClInclude Include="STLHeader.h">
      <Filter>main</Filter>
    </ClInclude>
    <ClInclude Include="CodingTest.h" />
    <ClInclude Include="Search.h">
      <Filter>Algorithm\06. Search</Filter>
    </ClInclude>
    <ClInclude Include="etc.h">
      <Filter>Algorithm\11.etc.</Filter>
    </ClInclude>
    <ClInclude Include="Math.h">
      <Filter>Algorithm\09. Math</Filter>
    </ClInclude>
    <ClInclude Include="DP.h">
      <Filter>Algorithm\08. DP</Filter>
    </ClInclude>
    <ClInclude Include="DataStructure.h">
      <Filter>Algorithm\10.DataStructure</Filter>
    </ClInclude>
    <ClInclude Include="GreedyAlgorithm.h">
      <Filter>Algorithm\02. Implementation</Filter>
    </ClInclude>
    <ClInclude Include="MyVector.h">
      <Filter>DataStructure\Vector</Filter>
    </ClInclude>
  </ItemGroup>
</Project>