
Microsoft Visual Studio Solution File, Format Version 12.00
# Visual Studio Version 16
VisualStudioVersion = 16.0.31129.286
MinimumVisualStudioVersion = 10.0.40219.1
Project("{2150E333-8FDC-42A3-9474-1A3956D46DE8}") = "01.GreedyAlgorithm", "01.GreedyAlgorithm", "{B0DFC054-A90F-4CEC-AFEC-2F46E62D4D89}"
EndProject
Project("{8BC9CEB8-8B4A-11D0-8D11-00A0C91BC942}") = "GreedyAlgorithm", "Project\GreedyAlgorithm\GreedyAlgorithm.vcxproj", "{970D49A4-3744-4FB1-ADC1-4849E36A696F}"
EndProject
Global
	GlobalSection(SolutionConfigurationPlatforms) = preSolution
		Debug|x64 = Debug|x64
		Debug|x86 = Debug|x86
		Release|x64 = Release|x64
		Release|x86 = Release|x86
	EndGlobalSection
	GlobalSection(ProjectConfigurationPlatforms) = postSolution
		{970D49A4-3744-4FB1-ADC1-4849E36A696F}.Debug|x64.ActiveCfg = Debug|x64
		{970D49A4-3744-4FB1-ADC1-4849E36A696F}.Debug|x64.Build.0 = Debug|x64
		{970D49A4-3744-4FB1-ADC1-4849E36A696F}.Debug|x86.ActiveCfg = Debug|Win32
		{970D49A4-3744-4FB1-ADC1-4849E36A696F}.Debug|x86.Build.0 = Debug|Win32
		{970D49A4-3744-4FB1-ADC1-4849E36A696F}.Release|x64.ActiveCfg = Release|x64
		{970D49A4-3744-4FB1-ADC1-4849E36A696F}.Release|x64.Build.0 = Release|x64
		{970D49A4-3744-4FB1-ADC1-4849E36A696F}.Release|x86.ActiveCfg = Release|Win32
		{970D49A4-3744-4FB1-ADC1-4849E36A696F}.Release|x86.Build.0 = Release|Win32
	EndGlobalSection
	GlobalSection(SolutionProperties) = preSolution
		HideSolutionNode = FALSE
	EndGlobalSection
	GlobalSection(NestedProjects) = preSolution
		{970D49A4-3744-4FB1-ADC1-4849E36A696F} = {B0DFC054-A90F-4CEC-AFEC-2F46E62D4D89}
	EndGlobalSection
	GlobalSection(ExtensibilityGlobals) = postSolution
		SolutionGuid = {A62A80AC-9C91-4276-AE39-51AB33AA5186}
	EndGlobalSection
EndGlobal
